
Microsoft Visual Studio Solution File, Format Version 12.00
# Visual Studio 14
VisualStudioVersion = 14.0.25420.1
MinimumVisualStudioVersion = 10.0.40219.1
Project("{FAE04EC0-301F-11D3-BF4B-00C04F79EFBC}") = "CA GUI 0.05", "CA GUI 0.05\CA GUI 0.05.csproj", "{B63FCF9B-9B62-4D1F-9B85-808A3611A75B}"
EndProject
Project("{FAE04EC0-301F-11D3-BF4B-00C04F79EFBC}") = "CA Model 0.04", "CA Model 0.04\CA Model 0.04.csproj", "{D12207CC-FD75-4FCF-9A99-1DAD7AED2252}"
EndProject
Project("{FAE04EC0-301F-11D3-BF4B-00C04F79EFBC}") = "CA Parser 0.04", "CA Parser 0.04\CA Parser 0.04.csproj", "{7C761528-7ED0-4220-B700-835A1C5E7F72}"
EndProject
Global
	GlobalSection(SolutionConfigurationPlatforms) = preSolution
		Debug|Any CPU = Debug|Any CPU
		Release|Any CPU = Release|Any CPU
	EndGlobalSection
	GlobalSection(ProjectConfigurationPlatforms) = postSolution
		{B63FCF9B-9B62-4D1F-9B85-808A3611A75B}.Debug|Any CPU.ActiveCfg = Debug|Any CPU
		{B63FCF9B-9B62-4D1F-9B85-808A3611A75B}.Debug|Any CPU.Build.0 = Debug|Any CPU
		{B63FCF9B-9B62-4D1F-9B85-808A3611A75B}.Release|Any CPU.ActiveCfg = Release|Any CPU
		{B63FCF9B-9B62-4D1F-9B85-808A3611A75B}.Release|Any CPU.Build.0 = Release|Any CPU
		{D12207CC-FD75-4FCF-9A99-1DAD7AED2252}.Debug|Any CPU.ActiveCfg = Debug|Any CPU
		{D12207CC-FD75-4FCF-9A99-1DAD7AED2252}.Debug|Any CPU.Build.0 = Debug|Any CPU
		{D12207CC-FD75-4FCF-9A99-1DAD7AED2252}.Release|Any CPU.ActiveCfg = Release|Any CPU
		{D12207CC-FD75-4FCF-9A99-1DAD7AED2252}.Release|Any CPU.Build.0 = Release|Any CPU
		{7C761528-7ED0-4220-B700-835A1C5E7F72}.Debug|Any CPU.ActiveCfg = Debug|Any CPU
		{7C761528-7ED0-4220-B700-835A1C5E7F72}.Debug|Any CPU.Build.0 = Debug|Any CPU
		{7C761528-7ED0-4220-B700-835A1C5E7F72}.Release|Any CPU.ActiveCfg = Release|Any CPU
		{7C761528-7ED0-4220-B700-835A1C5E7F72}.Release|Any CPU.Build.0 = Release|Any CPU
	EndGlobalSection
	GlobalSection(SolutionProperties) = preSolution
		HideSolutionNode = FALSE
	EndGlobalSection
EndGlobal
